github.com/deranged0tter/hellsgopher v0.0.0-20230911172833-c932c8b1aa3d h1:vLMNHEWXd3NC8TuLKVbM6/GnQYcXs6eTIjSFz+sRIDc=
github.com/deranged0tter/hellsgopher v0.0.0-20230911172833-c932c8b1aa3d/go.mod h1:sz+lhmywcyTNTKPfEXsmAmnuNXnrTy5llx2+dj5+jT0=
github.com/deranged0tter/hellsgopher v0.1.0 h1:YYLt3P8Z1aarKoRlVXW4bvPS9SvR7nyeUt4K6hZal1c=
github.com/deranged0tter/hellsgopher v0.1.0/go.mod h1:j9ttMKa26v0opVn663N1fwDhOkB19b3zsySBejRd+6M=
github.com/mitchellh/go-ps v1.0.0 h1:i6ampVEEF4wQFF+bkYfwYgY+F/uYJDktmvLPf7qIgjc=
github.com/mitchellh/go-ps v1.0.0/go.mod h1:J4lOc8z8yJs6vUwklHw2XEIiT4z4C40KtWVN3nvg8Pg=
